{
  "nodes": {
    "emacs": {
      "locked": {
        "lastModified": 1641754256,
        "narHash": "sha256-vUrEPO4wLaNTSveEjaVdzxEn5qjESDSNnCQhnT7PuII=",
        "owner": "nix-community",
        "repo": "emacs-overlay",
        "rev": "1d86b8a65cc68b9f71c1821d8d81ab16d19a31b0",
        "type": "github"
      },
      "original": {
        "owner": "nix-community",
        "repo": "emacs-overlay",
        "type": "github"
      }
    },
    "home-manager": {
      "inputs": {
        "nixpkgs": [
          "nixpkgs"
        ]
      },
      "locked": {
        "lastModified": 1641766524,
        "narHash": "sha256-XQT0psUWZ4QgA4EXzbeKsx8Rf8DDZKVbeq/Iz5Y+i4c=",
        "owner": "nix-community",
        "repo": "home-manager",
        "rev": "05d655146b1e98bf38c57e2ed2bea0f354e73388",
        "type": "github"
      },
      "original": {
        "owner": "nix-community",
        "ref": "master",
        "repo": "home-manager",
        "type": "github"
      }
    },
    "nixos-hardware": {
      "locked": {
        "lastModified": 1635053437,
        "narHash": "sha256-RVk7TPI2Nc9Og1nUD9xFOolK56yBfvQ/r0Eo2ok4iV8=",
        "owner": "anubhavkini",
        "repo": "nixos-hardware",
        "rev": "9c4b013f382caac90309e58023568871fce30e26",
        "type": "github"
      },
      "original": {
        "owner": "anubhavkini",
        "ref": "A315-55G-709W",
        "repo": "nixos-hardware",
        "type": "github"
      }
    },
    "nixpkgs": {
      "locked": {
        "lastModified": 1641528457,
        "narHash": "sha256-FyU9E63n1W7Ql4pMnhW2/rO9OftWZ37pLppn/c1aisY=",
        "owner": "NixOS",
        "repo": "nixpkgs",
        "rev": "ff377a78794d412a35245e05428c8f95fef3951f",
        "type": "github"
      },
      "original": {
        "id": "nixpkgs",
        "ref": "nixos-unstable",
        "type": "indirect"
      }
    },
    "nixpkgs-stable": {
      "locked": {
        "lastModified": 1641229786,
        "narHash": "sha256-WPPcLNbVu6ryj772GooUpF285LOvRHdOo/UNJgPnFYI=",
        "owner": "NixOS",
        "repo": "nixpkgs",
        "rev": "88579effa7e88c25087faf6de6388d0cd1738dc0",
        "type": "github"
      },
      "original": {
        "id": "nixpkgs",
        "ref": "nixos-21.05",
        "type": "indirect"
      }
    },
    "nur": {
      "locked": {
        "lastModified": 1641767064,
        "narHash": "sha256-meey2wV4LAjcefABAWu1d6/RWG31udjeTjACtiYmHWo=",
        "owner": "nix-community",
        "repo": "NUR",
        "rev": "390e09965904f42204ca9493698c859e35cefc61",
        "type": "github"
      },
      "original": {
        "owner": "nix-community",
        "repo": "NUR",
        "type": "github"
      }
    },
    "root": {
      "inputs": {
        "emacs": "emacs",
        "home-manager": "home-manager",
        "nixos-hardware": "nixos-hardware",
        "nixpkgs": "nixpkgs",
        "nixpkgs-stable": "nixpkgs-stable",
        "nur": "nur"
      }
    }
  },
  "root": "root",
  "version": 7
}
