{
  "nodes": {
    "emacs": {
      "locked": {
        "lastModified": 1637771311,
        "narHash": "sha256-94BT3fWPYh+nr77oFfiz3/BJey9BkYgH21BwmXK2V6c=",
        "owner": "nix-community",
        "repo": "emacs-overlay",
        "rev": "11059911b8f96237b365f9b49d9d031963475a19",
        "type": "github"
      },
      "original": {
        "owner": "nix-community",
        "repo": "emacs-overlay",
        "type": "github"
      }
    },
    "home-manager": {
      "inputs": {
        "nixpkgs": [
          "nixpkgs"
        ]
      },
      "locked": {
        "lastModified": 1637798993,
        "narHash": "sha256-2YAkyII7djfo66CfFDWMBqxkonQYy8aAEo1bDVvBRb0=",
        "owner": "nix-community",
        "repo": "home-manager",
        "rev": "609370699f2dc90988f8a6881837c5092484e9c0",
        "type": "github"
      },
      "original": {
        "owner": "nix-community",
        "ref": "master",
        "repo": "home-manager",
        "type": "github"
      }
    },
    "nixos-hardware": {
      "locked": {
        "lastModified": 1635053437,
        "narHash": "sha256-RVk7TPI2Nc9Og1nUD9xFOolK56yBfvQ/r0Eo2ok4iV8=",
        "owner": "anubhavkini",
        "repo": "nixos-hardware",
        "rev": "9c4b013f382caac90309e58023568871fce30e26",
        "type": "github"
      },
      "original": {
        "owner": "anubhavkini",
        "ref": "A315-55G-709W",
        "repo": "nixos-hardware",
        "type": "github"
      }
    },
    "nixpkgs": {
      "locked": {
        "lastModified": 1637753138,
        "narHash": "sha256-yo7E4a/miP77fH3Ksp9tmYECAPjxBeweJFeZ4tX9O/U=",
        "owner": "NixOS",
        "repo": "nixpkgs",
        "rev": "39cb89ef2ffcbef8d2ac2d52267ac69121a6becb",
        "type": "github"
      },
      "original": {
        "id": "nixpkgs",
        "ref": "nixos-unstable",
        "type": "indirect"
      }
    },
    "nixpkgs-stable": {
      "locked": {
        "lastModified": 1637615379,
        "narHash": "sha256-wL5+nm7z+42IHyhc52P3aAj1Kp2fQ6C8IyPBihj7Bjg=",
        "owner": "NixOS",
        "repo": "nixpkgs",
        "rev": "09650059d7f5ae59a7f0fb2dd3bfc6d2042a74de",
        "type": "github"
      },
      "original": {
        "id": "nixpkgs",
        "ref": "nixos-21.05",
        "type": "indirect"
      }
    },
    "nur": {
      "locked": {
        "lastModified": 1637799481,
        "narHash": "sha256-EDjd6wdQwj7DdNSNAhKWK00Hg0njOPE5S2xWPATom2I=",
        "owner": "nix-community",
        "repo": "NUR",
        "rev": "f5aeda0c9efd8cb761e14da8664961d27e19583c",
        "type": "github"
      },
      "original": {
        "owner": "nix-community",
        "repo": "NUR",
        "type": "github"
      }
    },
    "root": {
      "inputs": {
        "emacs": "emacs",
        "home-manager": "home-manager",
        "nixos-hardware": "nixos-hardware",
        "nixpkgs": "nixpkgs",
        "nixpkgs-stable": "nixpkgs-stable",
        "nur": "nur"
      }
    }
  },
  "root": "root",
  "version": 7
}
